
Microsoft Visual Studio Solution File, Format Version 12.00
# Visual Studio Version 17
VisualStudioVersion = 17.0.32014.148
MinimumVisualStudioVersion = 10.0.40219.1
Project("{9A19103F-16F7-4668-BE54-9A1E7A4F7556}") = "projet cabinet", "projet cabinet\projet cabinet.csproj", "{9F758D8E-DD0B-4D24-95D0-475B1761CCCF}"
EndProject
Global
	GlobalSection(SolutionConfigurationPlatforms) = preSolution
		Debug|Any CPU = Debug|Any CPU
		Release|Any CPU = Release|Any CPU
	EndGlobalSection
	GlobalSection(ProjectConfigurationPlatforms) = postSolution
		{9F758D8E-DD0B-4D24-95D0-475B1761CCCF}.Debug|Any CPU.ActiveCfg = Debug|Any CPU
		{9F758D8E-DD0B-4D24-95D0-475B1761CCCF}.Debug|Any CPU.Build.0 = Debug|Any CPU
		{9F758D8E-DD0B-4D24-95D0-475B1761CCCF}.Release|Any CPU.ActiveCfg = Release|Any CPU
		{9F758D8E-DD0B-4D24-95D0-475B1761CCCF}.Release|Any CPU.Build.0 = Release|Any CPU
	EndGlobalSection
	GlobalSection(SolutionProperties) = preSolution
		HideSolutionNode = FALSE
	EndGlobalSection
	GlobalSection(ExtensibilityGlobals) = postSolution
		SolutionGuid = {35025524-9AEF-4AC5-B8BB-4FEA9E2C4CFC}
	EndGlobalSection
EndGlobal
